// !$*UTF8*$!
{
	archiveVersion = 1;
	classes = {
	};
	objectVersion = 56;
	objects = {

/* Begin PBXBuildFile section */
		E38A45872B86874000B15F87 /* Questions.swift in Sources */ = {isa = PBXBuildFile; fileRef = E38A45862B86874000B15F87 /* Questions.swift */; };
		E3B7479D2B8C27BF00F261ED /* Build.swift in Sources */ = {isa = PBXBuildFile; fileRef = E3B7479C2B8C27BF00F261ED /* Build.swift */; };
		E3E41EE62B4B28E10079369A /* SwiftStudentChallengeApp.swift in Sources */ = {isa = PBXBuildFile; fileRef = E3E41EE52B4B28E10079369A /* SwiftStudentChallengeApp.swift */; };
		E3E41EE82B4B28E10079369A /* ContentView.swift in Sources */ = {isa = PBXBuildFile; fileRef = E3E41EE72B4B28E10079369A /* ContentView.swift */; };
		E3E41EEA2B4B28E20079369A /* Assets.xcassets in Resources */ = {isa = PBXBuildFile; fileRef = E3E41EE92B4B28E20079369A /* Assets.xcassets */; };
		E3E41EF72B4B28E30079369A /* SwiftStudentChallengeTests.swift in Sources */ = {isa = PBXBuildFile; fileRef = E3E41EF62B4B28E30079369A /* SwiftStudentChallengeTests.swift */; };
		E3E41F012B4B28E30079369A /* SwiftStudentChallengeUITests.swift in Sources */ = {isa = PBXBuildFile; fileRef = E3E41F002B4B28E30079369A /* SwiftStudentChallengeUITests.swift */; };
		E3E41F032B4B28E30079369A /* SwiftStudentChallengeUITestsLaunchTests.swift in Sources */ = {isa = PBXBuildFile; fileRef = E3E41F022B4B28E30079369A /* SwiftStudentChallengeUITestsLaunchTests.swift */; };
		E3E41F152B4B29C40079369A /* Fly.swift in Sources */ = {isa = PBXBuildFile; fileRef = E3E41F142B4B29C40079369A /* Fly.swift */; };
		E3E41F172B4B29D00079369A /* Glossary.swift in Sources */ = {isa = PBXBuildFile; fileRef = E3E41F162B4B29D00079369A /* Glossary.swift */; };
		E3E41F192B4B29DA0079369A /* Learn.swift in Sources */ = {isa = PBXBuildFile; fileRef = E3E41F182B4B29DA0079369A /* Learn.swift */; };
		E3E41F1D2B4B2A520079369A /* Story.swift in Sources */ = {isa = PBXBuildFile; fileRef = E3E41F1C2B4B2A520079369A /* Story.swift */; };
		E3E41F202B4B2FE70079369A /* SlidingTabView in Frameworks */ = {isa = PBXBuildFile; productRef = E3E41F1F2B4B2FE70079369A /* SlidingTabView */; };
		E3EECFE12B85472D0065294A /* AppViewModel.swift in Sources */ = {isa = PBXBuildFile; fileRef = E3EECFE02B85472D0065294A /* AppViewModel.swift */; };
		E3EECFE32B854F2E0065294A /* PagerView.swift in Sources */ = {isa = PBXBuildFile; fileRef = E3EECFE22B854F2E0065294A /* PagerView.swift */; };
/* End PBXBuildFile section */

/* Begin PBXContainerItemProxy section */
		E3E41EF32B4B28E30079369A /* PBXContainerItemProxy */ = {
			isa = PBXContainerItemProxy;
			containerPortal = E3E41EDA2B4B28E10079369A /* Project object */;
			proxyType = 1;
			remoteGlobalIDString = E3E41EE12B4B28E10079369A;
			remoteInfo = SwiftStudentChallenge;
		};
		E3E41EFD2B4B28E30079369A /* PBXContainerItemProxy */ = {
			isa = PBXContainerItemProxy;
			containerPortal = E3E41EDA2B4B28E10079369A /* Project object */;
			proxyType = 1;
			remoteGlobalIDString = E3E41EE12B4B28E10079369A;
			remoteInfo = SwiftStudentChallenge;
		};
/* End PBXContainerItemProxy section */

/* Begin PBXFileReference section */
		E32C64D62B87EAAD001FF30F /* Info.plist */ = {isa = PBXFileReference; lastKnownFileType = text.plist; path = Info.plist; sourceTree = "<group>"; };
		E38A45862B86874000B15F87 /* Questions.swift */ = {isa = PBXFileReference; lastKnownFileType = sourcecode.swift; path = Questions.swift; sourceTree = "<group>"; };
		E3B747972B88FB5C00F261ED /* Info.plist */ = {isa = PBXFileReference; lastKnownFileType = text.plist; path = Info.plist; sourceTree = "<group>"; };
		E3B7479C2B8C27BF00F261ED /* Build.swift */ = {isa = PBXFileReference; lastKnownFileType = sourcecode.swift; name = Build.swift; path = ../Build.swift; sourceTree = "<group>"; };
		E3E41EE22B4B28E10079369A /* SwiftStudentChallenge.app */ = {isa = PBXFileReference; explicitFileType = wrapper.application; includeInIndex = 0; path = SwiftStudentChallenge.app; sourceTree = BUILT_PRODUCTS_DIR; };
		E3E41EE52B4B28E10079369A /* SwiftStudentChallengeApp.swift */ = {isa = PBXFileReference; lastKnownFileType = sourcecode.swift; path = SwiftStudentChallengeApp.swift; sourceTree = "<group>"; };
		E3E41EE72B4B28E10079369A /* ContentView.swift */ = {isa = PBXFileReference; lastKnownFileType = sourcecode.swift; path = ContentView.swift; sourceTree = "<group>"; };
		E3E41EE92B4B28E20079369A /* Assets.xcassets */ = {isa = PBXFileReference; lastKnownFileType = folder.assetcatalog; path = Assets.xcassets; sourceTree = "<group>"; };
		E3E41EF22B4B28E30079369A /* SwiftStudentChallengeTests.xctest */ = {isa = PBXFileReference; explicitFileType = wrapper.cfbundle; includeInIndex = 0; path = SwiftStudentChallengeTests.xctest; sourceTree = BUILT_PRODUCTS_DIR; };
		E3E41EF62B4B28E30079369A /* SwiftStudentChallengeTests.swift */ = {isa = PBXFileReference; lastKnownFileType = sourcecode.swift; path = SwiftStudentChallengeTests.swift; sourceTree = "<group>"; };
		E3E41EFC2B4B28E30079369A /* SwiftStudentChallengeUITests.xctest */ = {isa = PBXFileReference; explicitFileType = wrapper.cfbundle; includeInIndex = 0; path = SwiftStudentChallengeUITests.xctest; sourceTree = BUILT_PRODUCTS_DIR; };
		E3E41F002B4B28E30079369A /* SwiftStudentChallengeUITests.swift */ = {isa = PBXFileReference; lastKnownFileType = sourcecode.swift; path = SwiftStudentChallengeUITests.swift; sourceTree = "<group>"; };
		E3E41F022B4B28E30079369A /* SwiftStudentChallengeUITestsLaunchTests.swift */ = {isa = PBXFileReference; lastKnownFileType = sourcecode.swift; path = SwiftStudentChallengeUITestsLaunchTests.swift; sourceTree = "<group>"; };
		E3E41F142B4B29C40079369A /* Fly.swift */ = {isa = PBXFileReference; lastKnownFileType = sourcecode.swift; path = Fly.swift; sourceTree = "<group>"; };
		E3E41F162B4B29D00079369A /* Glossary.swift */ = {isa = PBXFileReference; lastKnownFileType = sourcecode.swift; path = Glossary.swift; sourceTree = "<group>"; };
		E3E41F182B4B29DA0079369A /* Learn.swift */ = {isa = PBXFileReference; lastKnownFileType = sourcecode.swift; path = Learn.swift; sourceTree = "<group>"; };
		E3E41F1C2B4B2A520079369A /* Story.swift */ = {isa = PBXFileReference; lastKnownFileType = sourcecode.swift; path = Story.swift; sourceTree = "<group>"; };
		E3EECFE02B85472D0065294A /* AppViewModel.swift */ = {isa = PBXFileReference; lastKnownFileType = sourcecode.swift; path = AppViewModel.swift; sourceTree = "<group>"; };
		E3EECFE22B854F2E0065294A /* PagerView.swift */ = {isa = PBXFileReference; lastKnownFileType = sourcecode.swift; path = PagerView.swift; sourceTree = "<group>"; };
/* End PBXFileReference section */

/* Begin PBXFrameworksBuildPhase section */
		E3E41EDF2B4B28E10079369A /* Frameworks */ = {
			isa = PBXFrameworksBuildPhase;
			buildActionMask = 2147483647;
			files = (
				E3E41F202B4B2FE70079369A /* SlidingTabView in Frameworks */,
			);
			runOnlyForDeploymentPostprocessing = 0;
		};
		E3E41EEF2B4B28E30079369A /* Frameworks */ = {
			isa = PBXFrameworksBuildPhase;
			buildActionMask = 2147483647;
			files = (
			);
			runOnlyForDeploymentPostprocessing = 0;
		};
		E3E41EF92B4B28E30079369A /* Frameworks */ = {
			isa = PBXFrameworksBuildPhase;
			buildActionMask = 2147483647;
			files = (
			);
			runOnlyForDeploymentPostprocessing = 0;
		};
/* End PBXFrameworksBuildPhase section */

/* Begin PBXGroup section */
		E3E41ED92B4B28E10079369A = {
			isa = PBXGroup;
			children = (
				E3E41EE42B4B28E10079369A /* SwiftStudentChallenge */,
				E3E41EF52B4B28E30079369A /* SwiftStudentChallengeTests */,
				E3E41EFF2B4B28E30079369A /* SwiftStudentChallengeUITests */,
				E3E41EE32B4B28E10079369A /* Products */,
			);
			sourceTree = "<group>";
		};
		E3E41EE32B4B28E10079369A /* Products */ = {
			isa = PBXGroup;
			children = (
				E3E41EE22B4B28E10079369A /* SwiftStudentChallenge.app */,
				E3E41EF22B4B28E30079369A /* SwiftStudentChallengeTests.xctest */,
				E3E41EFC2B4B28E30079369A /* SwiftStudentChallengeUITests.xctest */,
			);
			name = Products;
			sourceTree = "<group>";
		};
		E3E41EE42B4B28E10079369A /* SwiftStudentChallenge */ = {
			isa = PBXGroup;
			children = (
				E3B747972B88FB5C00F261ED /* Info.plist */,
				E3E41EE52B4B28E10079369A /* SwiftStudentChallengeApp.swift */,
				E3E41EE72B4B28E10079369A /* ContentView.swift */,
				E3E41F1C2B4B2A520079369A /* Story.swift */,
				E3E41F142B4B29C40079369A /* Fly.swift */,
				E3B7479C2B8C27BF00F261ED /* Build.swift */,
				E3E41F162B4B29D00079369A /* Glossary.swift */,
				E3E41F182B4B29DA0079369A /* Learn.swift */,
				E3EECFE22B854F2E0065294A /* PagerView.swift */,
				E38A45862B86874000B15F87 /* Questions.swift */,
				E3EECFE02B85472D0065294A /* AppViewModel.swift */,
				E3E41EE92B4B28E20079369A /* Assets.xcassets */,
			);
			path = SwiftStudentChallenge;
			sourceTree = "<group>";
		};
		E3E41EF52B4B28E30079369A /* SwiftStudentChallengeTests */ = {
			isa = PBXGroup;
			children = (
				E3E41EF62B4B28E30079369A /* SwiftStudentChallengeTests.swift */,
			);
			path = SwiftStudentChallengeTests;
			sourceTree = "<group>";
		};
		E3E41EFF2B4B28E30079369A /* SwiftStudentChallengeUITests */ = {
			isa = PBXGroup;
			children = (
				E32C64D62B87EAAD001FF30F /* Info.plist */,
				E3E41F002B4B28E30079369A /* SwiftStudentChallengeUITests.swift */,
				E3E41F022B4B28E30079369A /* SwiftStudentChallengeUITestsLaunchTests.swift */,
			);
			path = SwiftStudentChallengeUITests;
			sourceTree = "<group>";
		};
/* End PBXGroup section */

/* Begin PBXNativeTarget section */
		E3E41EE12B4B28E10079369A /* SwiftStudentChallenge */ = {
			isa = PBXNativeTarget;
			buildConfigurationList = E3E41F062B4B28E30079369A /* Build configuration list for PBXNativeTarget "SwiftStudentChallenge" */;
			buildPhases = (
				E3E41EDE2B4B28E10079369A /* Sources */,
				E3E41EDF2B4B28E10079369A /* Frameworks */,
				E3E41EE02B4B28E10079369A /* Resources */,
			);
			buildRules = (
			);
			dependencies = (
			);
			name = SwiftStudentChallenge;
			packageProductDependencies = (
				E3E41F1F2B4B2FE70079369A /* SlidingTabView */,
			);
			productName = SwiftStudentChallenge;
			productReference = E3E41EE22B4B28E10079369A /* SwiftStudentChallenge.app */;
			productType = "com.apple.product-type.application";
		};
		E3E41EF12B4B28E30079369A /* SwiftStudentChallengeTests */ = {
			isa = PBXNativeTarget;
			buildConfigurationList = E3E41F092B4B28E30079369A /* Build configuration list for PBXNativeTarget "SwiftStudentChallengeTests" */;
			buildPhases = (
				E3E41EEE2B4B28E30079369A /* Sources */,
				E3E41EEF2B4B28E30079369A /* Frameworks */,
				E3E41EF02B4B28E30079369A /* Resources */,
			);
			buildRules = (
			);
			dependencies = (
				E3E41EF42B4B28E30079369A /* PBXTargetDependency */,
			);
			name = SwiftStudentChallengeTests;
			productName = SwiftStudentChallengeTests;
			productReference = E3E41EF22B4B28E30079369A /* SwiftStudentChallengeTests.xctest */;
			productType = "com.apple.product-type.bundle.unit-test";
		};
		E3E41EFB2B4B28E30079369A /* SwiftStudentChallengeUITests */ = {
			isa = PBXNativeTarget;
			buildConfigurationList = E3E41F0C2B4B28E30079369A /* Build configuration list for PBXNativeTarget "SwiftStudentChallengeUITests" */;
			buildPhases = (
				E3E41EF82B4B28E30079369A /* Sources */,
				E3E41EF92B4B28E30079369A /* Frameworks */,
				E3E41EFA2B4B28E30079369A /* Resources */,
			);
			buildRules = (
			);
			dependencies = (
				E3E41EFE2B4B28E30079369A /* PBXTargetDependency */,
			);
			name = SwiftStudentChallengeUITests;
			productName = SwiftStudentChallengeUITests;
			productReference = E3E41EFC2B4B28E30079369A /* SwiftStudentChallengeUITests.xctest */;
			productType = "com.apple.product-type.bundle.ui-testing";
		};
/* End PBXNativeTarget section */

/* Begin PBXProject section */
		E3E41EDA2B4B28E10079369A /* Project object */ = {
			isa = PBXProject;
			attributes = {
				BuildIndependentTargetsInParallel = 1;
				LastSwiftUpdateCheck = 1510;
				LastUpgradeCheck = 1510;
				TargetAttributes = {
					E3E41EE12B4B28E10079369A = {
						CreatedOnToolsVersion = 15.1;
					};
					E3E41EF12B4B28E30079369A = {
						CreatedOnToolsVersion = 15.1;
						TestTargetID = E3E41EE12B4B28E10079369A;
					};
					E3E41EFB2B4B28E30079369A = {
						CreatedOnToolsVersion = 15.1;
						TestTargetID = E3E41EE12B4B28E10079369A;
					};
				};
			};
			buildConfigurationList = E3E41EDD2B4B28E10079369A /* Build configuration list for PBXProject "SwiftStudentChallenge" */;
			compatibilityVersion = "Xcode 14.0";
			developmentRegion = en;
			hasScannedForEncodings = 0;
			knownRegions = (
				en,
				Base,
			);
			mainGroup = E3E41ED92B4B28E10079369A;
			packageReferences = (
				E3E41F1E2B4B2FE70079369A /* XCRemoteSwiftPackageReference "SlidingTabView" */,
			);
			productRefGroup = E3E41EE32B4B28E10079369A /* Products */;
			projectDirPath = "";
			projectRoot = "";
			targets = (
				E3E41EE12B4B28E10079369A /* SwiftStudentChallenge */,
				E3E41EF12B4B28E30079369A /* SwiftStudentChallengeTests */,
				E3E41EFB2B4B28E30079369A /* SwiftStudentChallengeUITests */,
			);
		};
/* End PBXProject section */

/* Begin PBXResourcesBuildPhase section */
		E3E41EE02B4B28E10079369A /* Resources */ = {
			isa = PBXResourcesBuildPhase;
			buildActionMask = 2147483647;
			files = (
				E3E41EEA2B4B28E20079369A /* Assets.xcassets in Resources */,
			);
			runOnlyForDeploymentPostprocessing = 0;
		};
		E3E41EF02B4B28E30079369A /* Resources */ = {
			isa = PBXResourcesBuildPhase;
			buildActionMask = 2147483647;
			files = (
			);
			runOnlyForDeploymentPostprocessing = 0;
		};
		E3E41EFA2B4B28E30079369A /* Resources */ = {
			isa = PBXResourcesBuildPhase;
			buildActionMask = 2147483647;
			files = (
			);
			runOnlyForDeploymentPostprocessing = 0;
		};
/* End PBXResourcesBuildPhase section */

/* Begin PBXSourcesBuildPhase section */
		E3E41EDE2B4B28E10079369A /* Sources */ = {
			isa = PBXSourcesBuildPhase;
			buildActionMask = 2147483647;
			files = (
				E3E41F1D2B4B2A520079369A /* Story.swift in Sources */,
				E3EECFE32B854F2E0065294A /* PagerView.swift in Sources */,
				E3E41EE82B4B28E10079369A /* ContentView.swift in Sources */,
				E38A45872B86874000B15F87 /* Questions.swift in Sources */,
				E3B7479D2B8C27BF00F261ED /* Build.swift in Sources */,
				E3EECFE12B85472D0065294A /* AppViewModel.swift in Sources */,
				E3E41F192B4B29DA0079369A /* Learn.swift in Sources */,
				E3E41EE62B4B28E10079369A /* SwiftStudentChallengeApp.swift in Sources */,
				E3E41F152B4B29C40079369A /* Fly.swift in Sources */,
				E3E41F172B4B29D00079369A /* Glossary.swift in Sources */,
			);
			runOnlyForDeploymentPostprocessing = 0;
		};
		E3E41EEE2B4B28E30079369A /* Sources */ = {
			isa = PBXSourcesBuildPhase;
			buildActionMask = 2147483647;
			files = (
				E3E41EF72B4B28E30079369A /* SwiftStudentChallengeTests.swift in Sources */,
			);
			runOnlyForDeploymentPostprocessing = 0;
		};
		E3E41EF82B4B28E30079369A /* Sources */ = {
			isa = PBXSourcesBuildPhase;
			buildActionMask = 2147483647;
			files = (
				E3E41F032B4B28E30079369A /* SwiftStudentChallengeUITestsLaunchTests.swift in Sources */,
				E3E41F012B4B28E30079369A /* SwiftStudentChallengeUITests.swift in Sources */,
			);
			runOnlyForDeploymentPostprocessing = 0;
		};
/* End PBXSourcesBuildPhase section */

/* Begin PBXTargetDependency section */
		E3E41EF42B4B28E30079369A /* PBXTargetDependency */ = {
			isa = PBXTargetDependency;
			target = E3E41EE12B4B28E10079369A /* SwiftStudentChallenge */;
			targetProxy = E3E41EF32B4B28E30079369A /* PBXContainerItemProxy */;
		};
		E3E41EFE2B4B28E30079369A /* PBXTargetDependency */ = {
			isa = PBXTargetDependency;
			target = E3E41EE12B4B28E10079369A /* SwiftStudentChallenge */;
			targetProxy = E3E41EFD2B4B28E30079369A /* PBXContainerItemProxy */;
		};
/* End PBXTargetDependency section */

/* Begin XCBuildConfiguration section */
		E3E41F042B4B28E30079369A /* Debug */ = {
			isa = XCBuildConfiguration;
			buildSettings = {
				ALWAYS_SEARCH_USER_PATHS = NO;
				ASSETCATALOG_COMPILER_GENERATE_SWIFT_ASSET_SYMBOL_EXTENSIONS = YES;
				CLANG_ANALYZER_NONNULL = YES;
				CLANG_ANALYZER_NUMBER_OBJECT_CONVERSION = YES_AGGRESSIVE;
				CLANG_CXX_LANGUAGE_STANDARD = "gnu++20";
				CLANG_ENABLE_MODULES = YES;
				CLANG_ENABLE_OBJC_ARC = YES;
				CLANG_ENABLE_OBJC_WEAK = YES;
				CLANG_WARN_BLOCK_CAPTURE_AUTORELEASING = YES;
				CLANG_WARN_BOOL_CONVERSION = YES;
				CLANG_WARN_COMMA = YES;
				CLANG_WARN_CONSTANT_CONVERSION = YES;
				CLANG_WARN_DEPRECATED_OBJC_IMPLEMENTATIONS = YES;
				CLANG_WARN_DIRECT_OBJC_ISA_USAGE = YES_ERROR;
				CLANG_WARN_DOCUMENTATION_COMMENTS = YES;
				CLANG_WARN_EMPTY_BODY = YES;
				CLANG_WARN_ENUM_CONVERSION = YES;
				CLANG_WARN_INFINITE_RECURSION = YES;
				CLANG_WARN_INT_CONVERSION = YES;
				CLANG_WARN_NON_LITERAL_NULL_CONVERSION = YES;
				CLANG_WARN_OBJC_IMPLICIT_RETAIN_SELF = YES;
				CLANG_WARN_OBJC_LITERAL_CONVERSION = YES;
				CLANG_WARN_OBJC_ROOT_CLASS = YES_ERROR;
				CLANG_WARN_QUOTED_INCLUDE_IN_FRAMEWORK_HEADER = YES;
				CLANG_WARN_RANGE_LOOP_ANALYSIS = YES;
				CLANG_WARN_STRICT_PROTOTYPES = YES;
				CLANG_WARN_SUSPICIOUS_MOVE = YES;
				CLANG_WARN_UNGUARDED_AVAILABILITY = YES_AGGRESSIVE;
				CLANG_WARN_UNREACHABLE_CODE = YES;
				CLANG_WARN__DUPLICATE_METHOD_MATCH = YES;
				COPY_PHASE_STRIP = NO;
				DEBUG_INFORMATION_FORMAT = dwarf;
				ENABLE_STRICT_OBJC_MSGSEND = YES;
				ENABLE_TESTABILITY = YES;
				ENABLE_USER_SCRIPT_SANDBOXING = YES;
				GCC_C_LANGUAGE_STANDARD = gnu17;
				GCC_DYNAMIC_NO_PIC = NO;
				GCC_NO_COMMON_BLOCKS = YES;
				GCC_OPTIMIZATION_LEVEL = 0;
				GCC_PREPROCESSOR_DEFINITIONS = (
					"DEBUG=1",
					"$(inherited)",
				);
				GCC_WARN_64_TO_32_BIT_CONVERSION = YES;
				GCC_WARN_ABOUT_RETURN_TYPE = YES_ERROR;
				GCC_WARN_UNDECLARED_SELECTOR = YES;
				GCC_WARN_UNINITIALIZED_AUTOS = YES_AGGRESSIVE;
				GCC_WARN_UNUSED_FUNCTION = YES;
				GCC_WARN_UNUSED_VARIABLE = YES;
				IPHONEOS_DEPLOYMENT_TARGET = 17.2;
				LOCALIZATION_PREFERS_STRING_CATALOGS = YES;
				MTL_ENABLE_DEBUG_INFO = INCLUDE_SOURCE;
				MTL_FAST_MATH = YES;
				ONLY_ACTIVE_ARCH = YES;
				SDKROOT = iphoneos;
				SWIFT_ACTIVE_COMPILATION_CONDITIONS = "DEBUG $(inherited)";
				SWIFT_OPTIMIZATION_LEVEL = "-Onone";
			};
			name = Debug;
		};
		E3E41F052B4B28E30079369A /* Release */ = {
			isa = XCBuildConfiguration;
			buildSettings = {
				ALWAYS_SEARCH_USER_PATHS = NO;
				ASSETCATALOG_COMPILER_GENERATE_SWIFT_ASSET_SYMBOL_EXTENSIONS = YES;
				CLANG_ANALYZER_NONNULL = YES;
				CLANG_ANALYZER_NUMBER_OBJECT_CONVERSION = YES_AGGRESSIVE;
				CLANG_CXX_LANGUAGE_STANDARD = "gnu++20";
				CLANG_ENABLE_MODULES = YES;
				CLANG_ENABLE_OBJC_ARC = YES;
				CLANG_ENABLE_OBJC_WEAK = YES;
				CLANG_WARN_BLOCK_CAPTURE_AUTORELEASING = YES;
				CLANG_WARN_BOOL_CONVERSION = YES;
				CLANG_WARN_COMMA = YES;
				CLANG_WARN_CONSTANT_CONVERSION = YES;
				CLANG_WARN_DEPRECATED_OBJC_IMPLEMENTATIONS = YES;
				CLANG_WARN_DIRECT_OBJC_ISA_USAGE = YES_ERROR;
				CLANG_WARN_DOCUMENTATION_COMMENTS = YES;
				CLANG_WARN_EMPTY_BODY = YES;
				CLANG_WARN_ENUM_CONVERSION = YES;
				CLANG_WARN_INFINITE_RECURSION = YES;
				CLANG_WARN_INT_CONVERSION = YES;
				CLANG_WARN_NON_LITERAL_NULL_CONVERSION = YES;
				CLANG_WARN_OBJC_IMPLICIT_RETAIN_SELF = YES;
				CLANG_WARN_OBJC_LITERAL_CONVERSION = YES;
				CLANG_WARN_OBJC_ROOT_CLASS = YES_ERROR;
				CLANG_WARN_QUOTED_INCLUDE_IN_FRAMEWORK_HEADER = YES;
				CLANG_WARN_RANGE_LOOP_ANALYSIS = YES;
				CLANG_WARN_STRICT_PROTOTYPES = YES;
				CLANG_WARN_SUSPICIOUS_MOVE = YES;
				CLANG_WARN_UNGUARDED_AVAILABILITY = YES_AGGRESSIVE;
				CLANG_WARN_UNREACHABLE_CODE = YES;
				CLANG_WARN__DUPLICATE_METHOD_MATCH = YES;
				COPY_PHASE_STRIP = NO;
				DEBUG_INFORMATION_FORMAT = "dwarf-with-dsym";
				ENABLE_NS_ASSERTIONS = NO;
				ENABLE_STRICT_OBJC_MSGSEND = YES;
				ENABLE_USER_SCRIPT_SANDBOXING = YES;
				GCC_C_LANGUAGE_STANDARD = gnu17;
				GCC_NO_COMMON_BLOCKS = YES;
				GCC_WARN_64_TO_32_BIT_CONVERSION = YES;
				GCC_WARN_ABOUT_RETURN_TYPE = YES_ERROR;
				GCC_WARN_UNDECLARED_SELECTOR = YES;
				GCC_WARN_UNINITIALIZED_AUTOS = YES_AGGRESSIVE;
				GCC_WARN_UNUSED_FUNCTION = YES;
				GCC_WARN_UNUSED_VARIABLE = YES;
				IPHONEOS_DEPLOYMENT_TARGET = 17.2;
				LOCALIZATION_PREFERS_STRING_CATALOGS = YES;
				MTL_ENABLE_DEBUG_INFO = NO;
				MTL_FAST_MATH = YES;
				SDKROOT = iphoneos;
				SWIFT_COMPILATION_MODE = wholemodule;
				VALIDATE_PRODUCT = YES;
			};
			name = Release;
		};
		E3E41F072B4B28E30079369A /* Debug */ = {
			isa = XCBuildConfiguration;
			buildSettings = {
				ASSETCATALOG_COMPILER_APPICON_NAME = AppIcon;
				ASSETCATALOG_COMPILER_GLOBAL_ACCENT_COLOR_NAME = AccentColor;
				CODE_SIGN_STYLE = Automatic;
				CURRENT_PROJECT_VERSION = 1;
				DEVELOPMENT_ASSET_PATHS = "\"SwiftStudentChallenge/Preview Content\"";
				DEVELOPMENT_TEAM = S98ZKP7J9X;
				ENABLE_PREVIEWS = YES;
				GENERATE_INFOPLIST_FILE = YES;
				INFOPLIST_FILE = SwiftStudentChallenge/Info.plist;
				INFOPLIST_KEY_NSCameraUsageDescription = "App uses camera for AR flight.";
				INFOPLIST_KEY_UIApplicationSceneManifest_Generation = YES;
				INFOPLIST_KEY_UIApplicationSupportsIndirectInputEvents = YES;
				INFOPLIST_KEY_UILaunchScreen_Generation = YES;
				INFOPLIST_KEY_UISupportedInterfaceOrientations_iPad = "UIInterfaceOrientationPortrait UIInterfaceOrientationPortraitUpsideDown UIInterfaceOrientationLandscapeLeft UIInterfaceOrientationLandscapeRight";
				INFOPLIST_KEY_UISupportedInterfaceOrientations_iPhone = "UIInterfaceOrientationPortrait UIInterfaceOrientationLandscapeLeft UIInterfaceOrientationLandscapeRight";
				LD_RUNPATH_SEARCH_PATHS = (
					"$(inherited)",
					"@executable_path/Frameworks",
				);
				MARKETING_VERSION = 1.0;
				PRODUCT_BUNDLE_IDENTIFIER = marioswaidan.SwiftStudentChallenge;
				PRODUCT_NAME = "$(TARGET_NAME)";
				SWIFT_EMIT_LOC_STRINGS = YES;
				SWIFT_VERSION = 5.0;
				TARGETED_DEVICE_FAMILY = "1,2";
			};
			name = Debug;
		};
		E3E41F082B4B28E30079369A /* Release */ = {
			isa = XCBuildConfiguration;
			buildSettings = {
				ASSETCATALOG_COMPILER_APPICON_NAME = AppIcon;
				ASSETCATALOG_COMPILER_GLOBAL_ACCENT_COLOR_NAME = AccentColor;
				CODE_SIGN_STYLE = Automatic;
				CURRENT_PROJECT_VERSION = 1;
				DEVELOPMENT_ASSET_PATHS = "\"SwiftStudentChallenge/Preview Content\"";
				DEVELOPMENT_TEAM = S98ZKP7J9X;
				ENABLE_PREVIEWS = YES;
				GENERATE_INFOPLIST_FILE = YES;
				INFOPLIST_FILE = SwiftStudentChallenge/Info.plist;
				INFOPLIST_KEY_NSCameraUsageDescription = "App uses camera for AR flight.";
				INFOPLIST_KEY_UIApplicationSceneManifest_Generation = YES;
				INFOPLIST_KEY_UIApplicationSupportsIndirectInputEvents = YES;
				INFOPLIST_KEY_UILaunchScreen_Generation = YES;
				INFOPLIST_KEY_UISupportedInterfaceOrientations_iPad = "UIInterfaceOrientationPortrait UIInterfaceOrientationPortraitUpsideDown UIInterfaceOrientationLandscapeLeft UIInterfaceOrientationLandscapeRight";
				INFOPLIST_KEY_UISupportedInterfaceOrientations_iPhone = "UIInterfaceOrientationPortrait UIInterfaceOrientationLandscapeLeft UIInterfaceOrientationLandscapeRight";
				LD_RUNPATH_SEARCH_PATHS = (
					"$(inherited)",
					"@executable_path/Frameworks",
				);
				MARKETING_VERSION = 1.0;
				PRODUCT_BUNDLE_IDENTIFIER = marioswaidan.SwiftStudentChallenge;
				PRODUCT_NAME = "$(TARGET_NAME)";
				SWIFT_EMIT_LOC_STRINGS = YES;
				SWIFT_VERSION = 5.0;
				TARGETED_DEVICE_FAMILY = "1,2";
			};
			name = Release;
		};
		E3E41F0A2B4B28E30079369A /* Debug */ = {
			isa = XCBuildConfiguration;
			buildSettings = {
				ALWAYS_EMBED_SWIFT_STANDARD_LIBRARIES = YES;
				BUNDLE_LOADER = "$(TEST_HOST)";
				CODE_SIGN_STYLE = Automatic;
				CURRENT_PROJECT_VERSION = 1;
				DEVELOPMENT_TEAM = S98ZKP7J9X;
				GENERATE_INFOPLIST_FILE = YES;
				IPHONEOS_DEPLOYMENT_TARGET = 17.2;
				MARKETING_VERSION = 1.0;
				PRODUCT_BUNDLE_IDENTIFIER = marioswaidan.SwiftStudentChallengeTests;
				PRODUCT_NAME = "$(TARGET_NAME)";
				SWIFT_EMIT_LOC_STRINGS = NO;
				SWIFT_VERSION = 5.0;
				TARGETED_DEVICE_FAMILY = "1,2";
				TEST_HOST = "$(BUILT_PRODUCTS_DIR)/SwiftStudentChallenge.app/$(BUNDLE_EXECUTABLE_FOLDER_PATH)/SwiftStudentChallenge";
			};
			name = Debug;
		};
		E3E41F0B2B4B28E30079369A /* Release */ = {
			isa = XCBuildConfiguration;
			buildSettings = {
				ALWAYS_EMBED_SWIFT_STANDARD_LIBRARIES = YES;
				BUNDLE_LOADER = "$(TEST_HOST)";
				CODE_SIGN_STYLE = Automatic;
				CURRENT_PROJECT_VERSION = 1;
				DEVELOPMENT_TEAM = S98ZKP7J9X;
				GENERATE_INFOPLIST_FILE = YES;
				IPHONEOS_DEPLOYMENT_TARGET = 17.2;
				MARKETING_VERSION = 1.0;
				PRODUCT_BUNDLE_IDENTIFIER = marioswaidan.SwiftStudentChallengeTests;
				PRODUCT_NAME = "$(TARGET_NAME)";
				SWIFT_EMIT_LOC_STRINGS = NO;
				SWIFT_VERSION = 5.0;
				TARGETED_DEVICE_FAMILY = "1,2";
				TEST_HOST = "$(BUILT_PRODUCTS_DIR)/SwiftStudentChallenge.app/$(BUNDLE_EXECUTABLE_FOLDER_PATH)/SwiftStudentChallenge";
			};
			name = Release;
		};
		E3E41F0D2B4B28E30079369A /* Debug */ = {
			isa = XCBuildConfiguration;
			buildSettings = {
				ALWAYS_EMBED_SWIFT_STANDARD_LIBRARIES = YES;
				CODE_SIGN_STYLE = Automatic;
				CURRENT_PROJECT_VERSION = 1;
				DEVELOPMENT_TEAM = S98ZKP7J9X;
				GENERATE_INFOPLIST_FILE = YES;
				INFOPLIST_FILE = SwiftStudentChallengeUITests/Info.plist;
				INFOPLIST_KEY_LSApplicationCategoryType = "";
				INFOPLIST_KEY_NSCameraUsageDescription = "This app uses your camera to allow you to fly in AR.";
				MARKETING_VERSION = 1.0;
				PRODUCT_BUNDLE_IDENTIFIER = marioswaidan.SwiftStudentChallengeUITests;
				PRODUCT_NAME = "$(TARGET_NAME)";
				SWIFT_EMIT_LOC_STRINGS = NO;
				SWIFT_VERSION = 5.0;
				TARGETED_DEVICE_FAMILY = "1,2";
				TEST_TARGET_NAME = SwiftStudentChallenge;
			};
			name = Debug;
		};
		E3E41F0E2B4B28E30079369A /* Release */ = {
			isa = XCBuildConfiguration;
			buildSettings = {
				ALWAYS_EMBED_SWIFT_STANDARD_LIBRARIES = YES;
				CODE_SIGN_STYLE = Automatic;
				CURRENT_PROJECT_VERSION = 1;
				DEVELOPMENT_TEAM = S98ZKP7J9X;
				GENERATE_INFOPLIST_FILE = YES;
				INFOPLIST_FILE = SwiftStudentChallengeUITests/Info.plist;
				INFOPLIST_KEY_LSApplicationCategoryType = "";
				INFOPLIST_KEY_NSCameraUsageDescription = "This app uses your camera to allow you to fly in AR.";
				MARKETING_VERSION = 1.0;
				PRODUCT_BUNDLE_IDENTIFIER = marioswaidan.SwiftStudentChallengeUITests;
				PRODUCT_NAME = "$(TARGET_NAME)";
				SWIFT_EMIT_LOC_STRINGS = NO;
				SWIFT_VERSION = 5.0;
				TARGETED_DEVICE_FAMILY = "1,2";
				TEST_TARGET_NAME = SwiftStudentChallenge;
			};
			name = Release;
		};
/* End XCBuildConfiguration section */

/* Begin XCConfigurationList section */
		E3E41EDD2B4B28E10079369A /* Build configuration list for PBXProject "SwiftStudentChallenge" */ = {
			isa = XCConfigurationList;
			buildConfigurations = (
				E3E41F042B4B28E30079369A /* Debug */,
				E3E41F052B4B28E30079369A /* Release */,
			);
			defaultConfigurationIsVisible = 0;
			defaultConfigurationName = Release;
		};
		E3E41F062B4B28E30079369A /* Build configuration list for PBXNativeTarget "SwiftStudentChallenge" */ = {
			isa = XCConfigurationList;
			buildConfigurations = (
				E3E41F072B4B28E30079369A /* Debug */,
				E3E41F082B4B28E30079369A /* Release */,
			);
			defaultConfigurationIsVisible = 0;
			defaultConfigurationName = Release;
		};
		E3E41F092B4B28E30079369A /* Build configuration list for PBXNativeTarget "SwiftStudentChallengeTests" */ = {
			isa = XCConfigurationList;
			buildConfigurations = (
				E3E41F0A2B4B28E30079369A /* Debug */,
				E3E41F0B2B4B28E30079369A /* Release */,
			);
			defaultConfigurationIsVisible = 0;
			defaultConfigurationName = Release;
		};
		E3E41F0C2B4B28E30079369A /* Build configuration list for PBXNativeTarget "SwiftStudentChallengeUITests" */ = {
			isa = XCConfigurationList;
			buildConfigurations = (
				E3E41F0D2B4B28E30079369A /* Debug */,
				E3E41F0E2B4B28E30079369A /* Release */,
			);
			defaultConfigurationIsVisible = 0;
			defaultConfigurationName = Release;
		};
/* End XCConfigurationList section */

/* Begin XCRemoteSwiftPackageReference section */
		E3E41F1E2B4B2FE70079369A /* XCRemoteSwiftPackageReference "SlidingTabView" */ = {
			isa = XCRemoteSwiftPackageReference;
			repositoryURL = "https://github.com/QuynhNguyen/SlidingTabView";
			requirement = {
				kind = upToNextMajorVersion;
				minimumVersion = 1.0.2;
			};
		};
/* End XCRemoteSwiftPackageReference section */

/* Begin XCSwiftPackageProductDependency section */
		E3E41F1F2B4B2FE70079369A /* SlidingTabView */ = {
			isa = XCSwiftPackageProductDependency;
			package = E3E41F1E2B4B2FE70079369A /* XCRemoteSwiftPackageReference "SlidingTabView" */;
			productName = SlidingTabView;
		};
/* End XCSwiftPackageProductDependency section */
	};
	rootObject = E3E41EDA2B4B28E10079369A /* Project object */;
}
